# This file is automatically @generated by Cargo.
# It is not intended for manual editing.
version = 4

[[package]]
name = "repro_app"
version = "0.1.0"
dependencies = [
 "waterui",
]

[[package]]
name = "waterui"
version = "0.5.2"
source = "git+https://github.com/water-rs/waterui?rev=a6318b38c54b31cbfbc518b75bd9de737e229ff6#a6318b38c54b31cbfbc518b75bd9de737e229ff6"

