# This file is automatically @generated by Cargo.
# It is not intended for manual editing.
version = 4

[[package]]
name = "round4_dev_capture_auth"
version = "0.1.0"
dependencies = [
 "waterui",
]

[[package]]
name = "waterui"
version = "0.5.2"
source = "git+https://github.com/water-rs/waterui?rev=896613fec9202cc9e9fd7cc7dc4b06afa54cce50#896613fec9202cc9e9fd7cc7dc4b06afa54cce50"
